
Microsoft Visual Studio Solution File, Format Version 11.00
# Visual Studio 2010
Project("{159641D6-6404-4A2A-AE62-294DE0FE8301}") = "zipzaptest", "zipzaptest\zipzaptest.dtproj", "{619E1BB1-E829-476B-851B-BC06B24CD3FD}"
EndProject
Global
	GlobalSection(SolutionConfigurationPlatforms) = preSolution
		Development|Default = Development|Default
	EndGlobalSection
	GlobalSection(ProjectConfigurationPlatforms) = postSolution
		{619E1BB1-E829-476B-851B-BC06B24CD3FD}.Development|Default.ActiveCfg = Development
		{619E1BB1-E829-476B-851B-BC06B24CD3FD}.Development|Default.Build.0 = Development
	EndGlobalSection
	GlobalSection(SolutionProperties) = preSolution
		HideSolutionNode = FALSE
	EndGlobalSection
EndGlobal
